
Microsoft Visual Studio Solution File, Format Version 12.00
# Visual Studio 15
VisualStudioVersion = 15.0.28010.2046
MinimumVisualStudioVersion = 10.0.40219.1
Project("{8BC9CEB8-8B4A-11D0-8D11-00A0C91BC942}") = "mSGWC", "mSGWC.vcxproj", "{70AE5217-7768-4399-B1A9-2B68DA5F397D}"
EndProject
Global
	GlobalSection(SolutionConfigurationPlatforms) = preSolution
		Debug|x64 = Debug|x64
		Debug|x86 = Debug|x86
		Release|x64 = Release|x64
		Release|x86 = Release|x86
	EndGlobalSection
	GlobalSection(ProjectConfigurationPlatforms) = postSolution
		{70AE5217-7768-4399-B1A9-2B68DA5F397D}.Debug|x64.ActiveCfg = Debug|x64
		{70AE5217-7768-4399-B1A9-2B68DA5F397D}.Debug|x64.Build.0 = Debug|x64
		{70AE5217-7768-4399-B1A9-2B68DA5F397D}.Debug|x86.ActiveCfg = Debug|x64
		{70AE5217-7768-4399-B1A9-2B68DA5F397D}.Debug|x86.Build.0 = Debug|x64
		{70AE5217-7768-4399-B1A9-2B68DA5F397D}.Release|x64.ActiveCfg = Release|x64
		{70AE5217-7768-4399-B1A9-2B68DA5F397D}.Release|x64.Build.0 = Release|x64
		{70AE5217-7768-4399-B1A9-2B68DA5F397D}.Release|x86.ActiveCfg = Release|Win32
		{70AE5217-7768-4399-B1A9-2B68DA5F397D}.Release|x86.Build.0 = Release|Win32
	EndGlobalSection
	GlobalSection(SolutionProperties) = preSolution
		HideSolutionNode = FALSE
	EndGlobalSection
	GlobalSection(ExtensibilityGlobals) = postSolution
		SolutionGuid = {0503D504-3BBF-4947-BEE1-4515917C518A}
	EndGlobalSection
EndGlobal
